
Microsoft Visual Studio Solution File, Format Version 10.00
# Visual Studio 2008
Project("{FAE04EC0-301F-11D3-BF4B-00C04F79EFBC}") = "MonoLiteOrm", "MonoLiteOrm\MonoLiteOrm.csproj", "{CC09C501-647B-4BD7-89B8-F9B382D55C5D}"
EndProject
Global
	GlobalSection(SolutionConfigurationPlatforms) = preSolution
		Debug|Any CPU = Debug|Any CPU
		Release|Any CPU = Release|Any CPU
	EndGlobalSection
	GlobalSection(ProjectConfigurationPlatforms) = postSolution
		{CC09C501-647B-4BD7-89B8-F9B382D55C5D}.Debug|Any CPU.ActiveCfg = Debug|Any CPU
		{CC09C501-647B-4BD7-89B8-F9B382D55C5D}.Debug|Any CPU.Build.0 = Debug|Any CPU
		{CC09C501-647B-4BD7-89B8-F9B382D55C5D}.Release|Any CPU.ActiveCfg = Release|Any CPU
		{CC09C501-647B-4BD7-89B8-F9B382D55C5D}.Release|Any CPU.Build.0 = Release|Any CPU
	EndGlobalSection
	GlobalSection(MonoDevelopProperties) = preSolution
		StartupItem = MonoLiteOrm\MonoLiteOrm.csproj
	EndGlobalSection
EndGlobal
